
Microsoft Visual Studio Solution File, Format Version 12.00
# Visual Studio 15
VisualStudioVersion = 15.0.27130.2036
MinimumVisualStudioVersion = 10.0.40219.1
Project("{FAE04EC0-301F-11D3-BF4B-00C04F79EFBC}") = "HRA", "HRA\HRA.csproj", "{D71636D0-9EAE-48F2-8209-E92DBDDF4014}"
EndProject
Project("{FAE04EC0-301F-11D3-BF4B-00C04F79EFBC}") = "HRA.DataStructs", "HRA.DataStructs\HRA.DataStructs.csproj", "{059AF9A9-6404-49FA-9628-2515AF2D0BFD}"
EndProject
Project("{FAE04EC0-301F-11D3-BF4B-00C04F79EFBC}") = "HRA.Services", "HRA.Services\HRA.Services.csproj", "{94F88B20-5D48-423A-B9F8-4CA22C620C62}"
EndProject
Project("{FAE04EC0-301F-11D3-BF4B-00C04F79EFBC}") = "HRA.ServiceDummy", "HRA.ServiceDummy\HRA.ServiceDummy.csproj", "{8145FC77-D8B1-49A5-B92C-F6C26BDD59F8}"
EndProject
Global
	GlobalSection(SolutionConfigurationPlatforms) = preSolution
		Debug|Any CPU = Debug|Any CPU
		Release|Any CPU = Release|Any CPU
	EndGlobalSection
	GlobalSection(ProjectConfigurationPlatforms) = postSolution
		{D71636D0-9EAE-48F2-8209-E92DBDDF4014}.Debug|Any CPU.ActiveCfg = Debug|Any CPU
		{D71636D0-9EAE-48F2-8209-E92DBDDF4014}.Debug|Any CPU.Build.0 = Debug|Any CPU
		{D71636D0-9EAE-48F2-8209-E92DBDDF4014}.Release|Any CPU.ActiveCfg = Release|Any CPU
		{D71636D0-9EAE-48F2-8209-E92DBDDF4014}.Release|Any CPU.Build.0 = Release|Any CPU
		{059AF9A9-6404-49FA-9628-2515AF2D0BFD}.Debug|Any CPU.ActiveCfg = Debug|Any CPU
		{059AF9A9-6404-49FA-9628-2515AF2D0BFD}.Debug|Any CPU.Build.0 = Debug|Any CPU
		{059AF9A9-6404-49FA-9628-2515AF2D0BFD}.Release|Any CPU.ActiveCfg = Release|Any CPU
		{059AF9A9-6404-49FA-9628-2515AF2D0BFD}.Release|Any CPU.Build.0 = Release|Any CPU
		{94F88B20-5D48-423A-B9F8-4CA22C620C62}.Debug|Any CPU.ActiveCfg = Debug|Any CPU
		{94F88B20-5D48-423A-B9F8-4CA22C620C62}.Debug|Any CPU.Build.0 = Debug|Any CPU
		{94F88B20-5D48-423A-B9F8-4CA22C620C62}.Release|Any CPU.ActiveCfg = Release|Any CPU
		{94F88B20-5D48-423A-B9F8-4CA22C620C62}.Release|Any CPU.Build.0 = Release|Any CPU
		{8145FC77-D8B1-49A5-B92C-F6C26BDD59F8}.Debug|Any CPU.ActiveCfg = Debug|Any CPU
		{8145FC77-D8B1-49A5-B92C-F6C26BDD59F8}.Debug|Any CPU.Build.0 = Debug|Any CPU
		{8145FC77-D8B1-49A5-B92C-F6C26BDD59F8}.Release|Any CPU.ActiveCfg = Release|Any CPU
		{8145FC77-D8B1-49A5-B92C-F6C26BDD59F8}.Release|Any CPU.Build.0 = Release|Any CPU
	EndGlobalSection
	GlobalSection(SolutionProperties) = preSolution
		HideSolutionNode = FALSE
	EndGlobalSection
	GlobalSection(ExtensibilityGlobals) = postSolution
		SolutionGuid = {101D798D-783C-4154-8C5B-E0E7BCC3663E}
	EndGlobalSection
EndGlobal
